dependencies:
- name: common
  repository: https://bjw-s.github.io/helm-charts
  version: 1.5.1
- name: postgresql
  repository: https://charts.bitnami.com/bitnami
  version: 16.5.0
digest: sha256:28c99193633bea593afd35c4b67ddafb87df8833a2c966d682e0b7880f474acc
generated: "2025-03-10T12:09:08.419827013Z"
