dependencies:
- name: common
  repository: https://bjw-s.github.io/helm-charts
  version: 1.5.1
- name: postgresql
  repository: https://charts.bitnami.com/bitnami
  version: 16.0.4
digest: sha256:9042174b20ab60474701562576b199bd80478efaf4110fb5797d90fdda980d6b
generated: "2024-10-21T12:14:05.238658022Z"
