dependencies:
- name: common
  repository: https://bjw-s.github.io/helm-charts
  version: 1.5.1
- name: postgresql
  repository: https://charts.bitnami.com/bitnami
  version: 14.3.3
digest: sha256:5722f228012ff9d232c965b464b94909d47bb9d6eed1e6ca8379a10a511b10ac
generated: "2025-04-26T00:12:24.898635591Z"
