dependencies:
- name: common
  repository: https://bjw-s.github.io/helm-charts
  version: 3.7.3
- name: mariadb
  repository: https://charts.bitnami.com/bitnami
  version: 20.1.1
digest: sha256:dd7952c1203cf4830285ea7daf0416fb3304144a314a4630fb3e7b2d473697f3
generated: "2025-04-26T00:21:50.417365983Z"
