dependencies:
- name: common
  repository: https://bjw-s.github.io/helm-charts
  version: 1.4.0
- name: mariadb
  repository: https://charts.bitnami.com/bitnami
  version: 11.5.6
digest: sha256:f2f11798f2857877be2c7564d28f602c03fd42b85e0134bac7d3189672f61f4c
generated: "2023-04-13T05:22:01.485822598Z"
