dependencies:
- name: common
  repository: https://bjw-s.github.io/helm-charts
  version: 1.5.0
- name: redis
  repository: https://charts.bitnami.com/bitnami
  version: 17.9.3
digest: sha256:c2317e1dc748c111c72866e638b2823c713952bc50a0b4994861b6d93b3af117
generated: "2023-05-08T11:04:16.852800717Z"
