dependencies:
- name: common
  repository: https://bjw-s.github.io/helm-charts
  version: 3.7.2
- name: redis
  repository: https://charts.bitnami.com/bitnami
  version: 20.7.0
digest: sha256:623f7bef4111cc037e080eee745579242493864d3743f885f1b698946a0da3ca
generated: "2025-03-04T16:20:00.871946257Z"
