dependencies:
- name: common
  repository: https://bjw-s.github.io/helm-charts
  version: 1.5.1
- name: postgresql
  repository: https://charts.bitnami.com/bitnami
  version: 14.0.5
- name: mariadb
  repository: https://charts.bitnami.com/bitnami
  version: 20.1.1
- name: redis
  repository: https://charts.bitnami.com/bitnami
  version: 20.11.5
digest: sha256:98e99e2d7137c2cd626447296a7deb26e8bfd44051889ea21fb4ad1e887b81d8
generated: "2025-04-09T12:03:57.531773131Z"
