dependencies:
- name: common
  repository: https://bjw-s.github.io/helm-charts
  version: 1.5.1
- name: postgresql
  repository: https://charts.bitnami.com/bitnami
  version: 16.4.16
- name: mariadb
  repository: https://charts.bitnami.com/bitnami
  version: 20.1.1
- name: redis
  repository: https://charts.bitnami.com/bitnami
  version: 20.7.0
digest: sha256:e1137915a3037bddb39457065f86755d31a277b8c3829d428b3d520a3f96863e
generated: "2025-03-04T04:10:18.538495803Z"
