dependencies:
- name: common
  repository: https://bjw-s-labs.github.io/helm-charts
  version: 1.5.1
- name: postgres
  repository: oci://registry-1.docker.io/cloudpirates
  version: 0.12.0
- name: mariadb
  repository: oci://registry-1.docker.io/cloudpirates
  version: 0.6.1
- name: redis
  repository: oci://registry-1.docker.io/cloudpirates
  version: 0.14.1
digest: sha256:3469991b6bd150085ece625886d62bc40688e40c8557824ce0c1758472df8f95
generated: "2025-11-15T11:08:44.798343772+01:00"
