dependencies:
- name: common
  repository: https://bjw-s.github.io/helm-charts
  version: 1.5.1
- name: postgresql
  repository: https://charts.bitnami.com/bitnami
  version: 16.0.3
- name: mariadb
  repository: https://charts.bitnami.com/bitnami
  version: 16.0.2
digest: sha256:3d130a2033cc195391e5388e78d28f626b5fc1c0d4bb65ab116b20dbc580dd27
generated: "2024-10-16T16:09:35.126845992Z"
