dependencies:
- name: common
  repository: https://bjw-s.github.io/helm-charts
  version: 3.7.3
- name: postgresql
  repository: https://charts.bitnami.com/bitnami
  version: 14.0.5
- name: mariadb
  repository: https://charts.bitnami.com/bitnami
  version: 20.1.1
digest: sha256:3333903629d41e40cfa0bcff595a27c2682e864e4f4154c73d436d0e3e47c346
generated: "2025-04-26T00:27:07.505431885Z"
