dependencies:
- name: common
  repository: https://bjw-s.github.io/helm-charts
  version: 1.5.1
- name: postgresql
  repository: https://charts.bitnami.com/bitnami
  version: 16.4.7
- name: mariadb
  repository: https://charts.bitnami.com/bitnami
  version: 20.1.1
digest: sha256:28ea037226e8f58b9caa42322a790b991ea9754c2135f734d6e06735db139c03
generated: "2025-02-10T12:08:38.411270857Z"
