dependencies:
- name: common
  repository: https://bjw-s.github.io/helm-charts
  version: 1.3.1
- name: postgresql
  repository: https://charts.bitnami.com/bitnami
  version: 12.2.0
digest: sha256:fce5874c128f62fe34e63df5b1ef6f307c5cbcff85fd70f6680b73552e7ffd42
generated: "2023-02-16T10:56:10.34875696Z"
