dependencies:
- name: common
  repository: https://bjw-s.github.io/helm-charts
  version: 1.5.1
- name: postgresql
  repository: https://charts.bitnami.com/bitnami
  version: 12.12.10
digest: sha256:dd8062323d1d5da75a756386b99c6942de3e22eaec199417eeee14dafa7a98b7
generated: "2023-11-25T23:42:48.358849446Z"
