dependencies:
- name: common
  repository: https://bjw-s.github.io/helm-charts
  version: 1.5.1
- name: postgresql
  repository: https://charts.bitnami.com/bitnami
  version: 16.6.0
digest: sha256:55e40ecab004841bdeef3609e03959201f8104e3d13d95ddda56e0cb334dd7a2
generated: "2025-03-28T12:12:25.653762201Z"
