dependencies:
- name: common
  repository: https://bjw-s.github.io/helm-charts
  version: 1.5.1
- name: redis
  repository: https://charts.bitnami.com/bitnami
  version: 17.14.5
digest: sha256:3a67ba997b98bcda4d5f0733a85fd94d35fee275d95f5aa956d4adc8566dae4a
generated: "2023-08-06T06:41:21.205611826Z"
