dependencies:
- name: common
  repository: https://bjw-s.github.io/helm-charts
  version: 1.5.1
- name: redis
  repository: https://charts.bitnami.com/bitnami
  version: 20.13.4
digest: sha256:80e0e55d4e809b9551a5e67d15339c9f210fab8bc9b26924186780e0866617e5
generated: "2025-04-30T08:04:15.039204975Z"
