dependencies:
- name: common
  repository: https://bjw-s.github.io/helm-charts
  version: 1.3.2
- name: redis
  repository: https://charts.bitnami.com/bitnami
  version: 17.8.0
digest: sha256:c00e28a4fcecc4d6e3798d95eba9bdbe3f57c29b4f0406d89315b53db2cf20ec
generated: "2023-03-08T13:56:46.491098-06:00"
