dependencies:
- name: common
  repository: https://bjw-s.github.io/helm-charts
  version: 1.2.1
- name: postgresql
  repository: https://charts.bitnami.com/bitnami
  version: 11.9.13
digest: sha256:a76f2667e57fcd817c82034d191e044e49e2e5e45ededf47c981c73d32e49159
generated: "2023-01-03T11:49:36.915504-06:00"
