dependencies:
- name: common
  repository: https://bjw-s.github.io/helm-charts
  version: 1.5.1
- name: mariadb
  repository: https://charts.bitnami.com/bitnami
  version: 13.1.2
digest: sha256:e38c30c2e35f4f7407c50332431434ffa157c6d6bcf8362838ac0b0e65449f44
generated: "2023-09-01T21:24:38.950902591Z"
