dependencies:
- name: common
  repository: https://bjw-s.github.io/helm-charts
  version: 1.5.1
- name: mariadb
  repository: https://charts.bitnami.com/bitnami
  version: 19.1.0
digest: sha256:927de7af807fd993db41e8f62ecd9f09dd0a4271ecb89b84423f3c3a8f9c4491
generated: "2024-10-10T12:09:46.405845943Z"
