dependencies:
- name: common
  repository: https://bjw-s.github.io/helm-charts
  version: 3.1.0
- name: postgresql
  repository: https://charts.bitnami.com/bitnami
  version: 14.0.5
digest: sha256:369770c4894c3459ac53c35a92ff8b8137bb23435522072dd39b963dfbe71734
generated: "2024-04-10T08:12:04.793990366Z"
