dependencies:
- name: common
  repository: https://bjw-s.github.io/helm-charts
  version: 1.5.1
- name: postgresql
  repository: https://charts.bitnami.com/bitnami
  version: 16.4.14
digest: sha256:59b67dea0259e1fbee797114e8b7c9444f01198a312e079212c27d9fdb69746c
generated: "2025-02-22T00:28:59.102526068Z"
