dependencies:
- name: common
  repository: https://bjw-s.github.io/helm-charts
  version: 1.5.1
- name: postgresql
  repository: https://charts.bitnami.com/bitnami
  version: 15.5.38
- name: mariadb
  repository: https://charts.bitnami.com/bitnami
  version: 16.0.2
digest: sha256:f14dbbf2800882578e72efcee9a8ab78d30e3234cdefcc527b5bcac6cb8f2ed0
generated: "2024-10-01T20:12:09.176652781Z"
