dependencies:
- name: common
  repository: https://bjw-s.github.io/helm-charts
  version: 1.5.1
- name: postgresql
  repository: https://charts.bitnami.com/bitnami
  version: 13.2.24
- name: mariadb
  repository: https://charts.bitnami.com/bitnami
  version: 15.2.2
digest: sha256:21bfa9b41cc5163c15077febce0cb428ec6cef9c3e2546f0d5d58bae9aa598e3
generated: "2024-02-03T01:24:41.9815973Z"
