dependencies:
- name: common
  repository: https://bjw-s.github.io/helm-charts
  version: 1.5.1
- name: postgresql
  repository: https://charts.bitnami.com/bitnami
  version: 13.2.24
- name: mariadb
  repository: https://charts.bitnami.com/bitnami
  version: 14.1.4
digest: sha256:ed549fcd400281f6c256c28e6fc6ab82f492d26236060712b598cf28c8dcb3af
generated: "2024-02-15T07:20:10.117542169Z"
