dependencies:
- name: common
  repository: https://bjw-s.github.io/helm-charts
  version: 2.6.0
- name: postgresql
  repository: https://charts.bitnami.com/bitnami
  version: 14.0.5
digest: sha256:e2738aaffefead9b22c2232fc38741f26d2276fcf6bb1999e81a06674ac84747
generated: "2024-02-28T20:16:19.640433179Z"
