dependencies:
- name: common
  repository: https://bjw-s.github.io/helm-charts
  version: 1.5.1
- name: postgresql
  repository: https://charts.bitnami.com/bitnami
  version: 16.6.3
digest: sha256:75986554c98b7395022ff5764647f93a9a5472e257258a5a1cb4adab8b8c0b72
generated: "2025-04-10T00:09:39.454608866Z"
