dependencies:
- name: common
  repository: https://bjw-s.github.io/helm-charts
  version: 3.7.3
- name: postgresql
  repository: https://charts.bitnami.com/bitnami
  version: 14.0.5
digest: sha256:938e0cd41f842d1fcda342176b4ffa69c0b83ff8426ac591ab580764d21fcab9
generated: "2025-04-26T00:26:27.688263736Z"
