dependencies:
- name: common
  repository: https://bjw-s.github.io/helm-charts
  version: 1.5.1
- name: mongodb
  repository: https://charts.bitnami.com/bitnami
  version: 16.5.0
digest: sha256:a7c8ba5504767208b9465365a118bc4d40783e691661be011ab4716a626f069b
generated: "2025-04-07T20:04:28.968671387Z"
