dependencies:
- name: common
  repository: https://bjw-s.github.io/helm-charts
  version: 1.2.1
- name: mongodb
  repository: https://charts.bitnami.com/bitnami
  version: 13.6.1
digest: sha256:d5dfb7efaf78bf8c501a5c0930bc6ce8cb9e17924ddca83b2535888971c91edf
generated: "2023-01-03T11:49:32.752442-06:00"
