dependencies:
- name: common
  repository: https://bjw-s.github.io/helm-charts
  version: 1.5.1
- name: postgresql
  repository: https://charts.bitnami.com/bitnami
  version: 15.1.4
digest: sha256:5997e0055f276847773e80d45318786b5e8aafed636a7694d2b7f00a55dd1d2a
generated: "2024-03-27T14:43:51.754972264Z"
