dependencies:
- name: common
  repository: https://bjw-s.github.io/helm-charts
  version: 3.0.4
- name: postgresql
  repository: https://charts.bitnami.com/bitnami
  version: 14.0.5
digest: sha256:2ddced9a99bd9e8bf09467ee25cfc8ad347b1139612f7d354cdd1e0f8a0341d8
generated: "2024-03-27T14:35:35.578763968Z"
