dependencies:
- name: common
  repository: https://bjw-s.github.io/helm-charts
  version: 1.5.1
- name: postgresql
  repository: https://charts.bitnami.com/bitnami
  version: 16.5.5
digest: sha256:702102d6df9e95b240b9e0111ff04f492782af573cc97ed48bdb1039304cb220
generated: "2025-03-20T20:09:38.34915329Z"
