dependencies:
- name: common
  repository: https://bjw-s.github.io/helm-charts
  version: 3.5.1
- name: mariadb
  repository: https://charts.bitnami.com/bitnami
  version: 20.1.1
- name: postgresql
  repository: https://charts.bitnami.com/bitnami
  version: 14.0.5
digest: sha256:1bab2002554d4f49bd9783a7de7b0d1e3e1cece55dcbb52896035b242f5d39f9
generated: "2024-12-20T20:45:09.950753676Z"
