dependencies:
- name: common
  repository: https://bjw-s.github.io/helm-charts
  version: 1.5.1
- name: mariadb
  repository: https://charts.bitnami.com/bitnami
  version: 15.2.2
- name: postgresql
  repository: https://charts.bitnami.com/bitnami
  version: 12.12.10
digest: sha256:4863e3d3dea832bdd9023815e4d6fd65d0db6d3341a96920563e6f79df042305
generated: "2024-02-03T01:23:35.535293625Z"
