dependencies:
- name: common
  repository: https://bjw-s.github.io/helm-charts
  version: 3.7.2
- name: postgresql
  repository: https://charts.bitnami.com/bitnami
  version: 14.0.5
digest: sha256:897cc40f286f301cc38bec17c0720c3236eb1e9513ad579cd79453e73d3e4929
generated: "2025-03-04T16:14:44.664762251Z"
